// !$*UTF8*$!
{
	archiveVersion = 1;
	classes = {
	};
	objectVersion = 56;
	objects = {

/* Begin PBXBuildFile section */
		FD0B944D2A9C12130036F806 /* MemoDetailViewController.swift in Sources */ = {isa = PBXBuildFile; fileRef = FD0B944C2A9C12130036F806 /* MemoDetailViewController.swift */; };
		FD0B94502AA0DB4A0036F806 /* MemoListViewModel.swift in Sources */ = {isa = PBXBuildFile; fileRef = FD0B944F2AA0DB490036F806 /* MemoListViewModel.swift */; };
		FD0B94522AA115920036F806 /* WordArticle.swift in Sources */ = {isa = PBXBuildFile; fileRef = FD0B94512AA115920036F806 /* WordArticle.swift */; };
		FD0B94552AA136460036F806 /* ClientRequest.swift in Sources */ = {isa = PBXBuildFile; fileRef = FD0B94542AA136460036F806 /* ClientRequest.swift */; };
		FD0B94592AA13A770036F806 /* ClientService.swift in Sources */ = {isa = PBXBuildFile; fileRef = FD0B94582AA13A770036F806 /* ClientService.swift */; };
		FD2E13992ACCCE6500D5004C /* WordTableViewCell.swift in Sources */ = {isa = PBXBuildFile; fileRef = FD2E13982ACCCE6500D5004C /* WordTableViewCell.swift */; };
		FD2E139B2ACE980F00D5004C /* MemoDetailViewModel.swift in Sources */ = {isa = PBXBuildFile; fileRef = FD2E139A2ACE980F00D5004C /* MemoDetailViewModel.swift */; };
		FD2E13A42ACFA17000D5004C /* WordDetailCollectionCell.swift in Sources */ = {isa = PBXBuildFile; fileRef = FD2E13A32ACFA17000D5004C /* WordDetailCollectionCell.swift */; };
		FD2E13A62ACFB7B100D5004C /* ArticleDetailViewController.swift in Sources */ = {isa = PBXBuildFile; fileRef = FD2E13A52ACFB7B100D5004C /* ArticleDetailViewController.swift */; };
		FD2E13A82AD0071D00D5004C /* ArticleDetailViewModel.swift in Sources */ = {isa = PBXBuildFile; fileRef = FD2E13A72AD0071D00D5004C /* ArticleDetailViewModel.swift */; };
		FD370EB92A9AB9EA0008E68F /* MemoTableViewCell.swift in Sources */ = {isa = PBXBuildFile; fileRef = FD370EB82A9AB9EA0008E68F /* MemoTableViewCell.swift */; };
		FD7C76492AC6B51E00BE63FE /* CreateMemoViewController.swift in Sources */ = {isa = PBXBuildFile; fileRef = FD7C76482AC6B51E00BE63FE /* CreateMemoViewController.swift */; };
		FD7C764B2AC6BFE000BE63FE /* CreateMemoViewModel.swift in Sources */ = {isa = PBXBuildFile; fileRef = FD7C764A2AC6BFE000BE63FE /* CreateMemoViewModel.swift */; };
		FD9250642A842D0C004B75FE /* AppDelegate.swift in Sources */ = {isa = PBXBuildFile; fileRef = FD9250632A842D0C004B75FE /* AppDelegate.swift */; };
		FD9250662A842D0C004B75FE /* SceneDelegate.swift in Sources */ = {isa = PBXBuildFile; fileRef = FD9250652A842D0C004B75FE /* SceneDelegate.swift */; };
		FD9250682A842D0C004B75FE /* TabBarViewController.swift in Sources */ = {isa = PBXBuildFile; fileRef = FD9250672A842D0C004B75FE /* TabBarViewController.swift */; };
		FD92506D2A842D0D004B75FE /* Assets.xcassets in Resources */ = {isa = PBXBuildFile; fileRef = FD92506C2A842D0D004B75FE /* Assets.xcassets */; };
		FD9250702A842D0D004B75FE /* LaunchScreen.storyboard in Resources */ = {isa = PBXBuildFile; fileRef = FD92506E2A842D0D004B75FE /* LaunchScreen.storyboard */; };
		FD92509B2A87B308004B75FE /* Memo.swift in Sources */ = {isa = PBXBuildFile; fileRef = FD92509A2A87B308004B75FE /* Memo.swift */; };
		FD928A232A94C4A100499393 /* MemoListTableViewContoller.swift in Sources */ = {isa = PBXBuildFile; fileRef = FD928A222A94C4A100499393 /* MemoListTableViewContoller.swift */; };
		FD928A292A94C5E300499393 /* SettingsViewController.swift in Sources */ = {isa = PBXBuildFile; fileRef = FD928A282A94C5E300499393 /* SettingsViewController.swift */; };
/* End PBXBuildFile section */

/* Begin PBXFileReference section */
		FD0B944C2A9C12130036F806 /* MemoDetailViewController.swift */ = {isa = PBXFileReference; lastKnownFileType = sourcecode.swift; path = MemoDetailViewController.swift; sourceTree = "<group>"; };
		FD0B944F2AA0DB490036F806 /* MemoListViewModel.swift */ = {isa = PBXFileReference; lastKnownFileType = sourcecode.swift; path = MemoListViewModel.swift; sourceTree = "<group>"; };
		FD0B94512AA115920036F806 /* WordArticle.swift */ = {isa = PBXFileReference; lastKnownFileType = sourcecode.swift; path = WordArticle.swift; sourceTree = "<group>"; };
		FD0B94542AA136460036F806 /* ClientRequest.swift */ = {isa = PBXFileReference; lastKnownFileType = sourcecode.swift; path = ClientRequest.swift; sourceTree = "<group>"; };
		FD0B94582AA13A770036F806 /* ClientService.swift */ = {isa = PBXFileReference; lastKnownFileType = sourcecode.swift; path = ClientService.swift; sourceTree = "<group>"; };
		FD2E13982ACCCE6500D5004C /* WordTableViewCell.swift */ = {isa = PBXFileReference; lastKnownFileType = sourcecode.swift; path = WordTableViewCell.swift; sourceTree = "<group>"; };
		FD2E139A2ACE980F00D5004C /* MemoDetailViewModel.swift */ = {isa = PBXFileReference; lastKnownFileType = sourcecode.swift; path = MemoDetailViewModel.swift; sourceTree = "<group>"; };
		FD2E13A32ACFA17000D5004C /* WordDetailCollectionCell.swift */ = {isa = PBXFileReference; lastKnownFileType = sourcecode.swift; path = WordDetailCollectionCell.swift; sourceTree = "<group>"; };
		FD2E13A52ACFB7B100D5004C /* ArticleDetailViewController.swift */ = {isa = PBXFileReference; lastKnownFileType = sourcecode.swift; path = ArticleDetailViewController.swift; sourceTree = "<group>"; };
		FD2E13A72AD0071D00D5004C /* ArticleDetailViewModel.swift */ = {isa = PBXFileReference; lastKnownFileType = sourcecode.swift; path = ArticleDetailViewModel.swift; sourceTree = "<group>"; };
		FD370EB82A9AB9EA0008E68F /* MemoTableViewCell.swift */ = {isa = PBXFileReference; lastKnownFileType = sourcecode.swift; path = MemoTableViewCell.swift; sourceTree = "<group>"; };
		FD7C76482AC6B51E00BE63FE /* CreateMemoViewController.swift */ = {isa = PBXFileReference; lastKnownFileType = sourcecode.swift; path = CreateMemoViewController.swift; sourceTree = "<group>"; };
		FD7C764A2AC6BFE000BE63FE /* CreateMemoViewModel.swift */ = {isa = PBXFileReference; lastKnownFileType = sourcecode.swift; path = CreateMemoViewModel.swift; sourceTree = "<group>"; };
		FD9250602A842D0C004B75FE /* MindCurve.app */ = {isa = PBXFileReference; explicitFileType = wrapper.application; includeInIndex = 0; path = MindCurve.app; sourceTree = BUILT_PRODUCTS_DIR; };
		FD9250632A842D0C004B75FE /* AppDelegate.swift */ = {isa = PBXFileReference; lastKnownFileType = sourcecode.swift; path = AppDelegate.swift; sourceTree = "<group>"; };
		FD9250652A842D0C004B75FE /* SceneDelegate.swift */ = {isa = PBXFileReference; lastKnownFileType = sourcecode.swift; path = SceneDelegate.swift; sourceTree = "<group>"; };
		FD9250672A842D0C004B75FE /* TabBarViewController.swift */ = {isa = PBXFileReference; lastKnownFileType = sourcecode.swift; path = TabBarViewController.swift; sourceTree = "<group>"; };
		FD92506C2A842D0D004B75FE /* Assets.xcassets */ = {isa = PBXFileReference; lastKnownFileType = folder.assetcatalog; path = Assets.xcassets; sourceTree = "<group>"; };
		FD92506F2A842D0D004B75FE /* Base */ = {isa = PBXFileReference; lastKnownFileType = file.storyboard; name = Base; path = Base.lproj/LaunchScreen.storyboard; sourceTree = "<group>"; };
		FD9250712A842D0D004B75FE /* Info.plist */ = {isa = PBXFileReference; lastKnownFileType = text.plist.xml; path = Info.plist; sourceTree = "<group>"; };
		FD92509A2A87B308004B75FE /* Memo.swift */ = {isa = PBXFileReference; lastKnownFileType = sourcecode.swift; path = Memo.swift; sourceTree = "<group>"; };
		FD928A222A94C4A100499393 /* MemoListTableViewContoller.swift */ = {isa = PBXFileReference; lastKnownFileType = sourcecode.swift; path = MemoListTableViewContoller.swift; sourceTree = "<group>"; };
		FD928A282A94C5E300499393 /* SettingsViewController.swift */ = {isa = PBXFileReference; lastKnownFileType = sourcecode.swift; path = SettingsViewController.swift; sourceTree = "<group>"; };
/* End PBXFileReference section */

/* Begin PBXFrameworksBuildPhase section */
		FD92505D2A842D0C004B75FE /* Frameworks */ = {
			isa = PBXFrameworksBuildPhase;
			buildActionMask = 2147483647;
			files = (
			);
			runOnlyForDeploymentPostprocessing = 0;
		};
/* End PBXFrameworksBuildPhase section */

/* Begin PBXGroup section */
		FD0B944E2AA0ACB70036F806 /* ViewModels */ = {
			isa = PBXGroup;
			children = (
				FD0B944F2AA0DB490036F806 /* MemoListViewModel.swift */,
				FD7C764A2AC6BFE000BE63FE /* CreateMemoViewModel.swift */,
				FD2E139A2ACE980F00D5004C /* MemoDetailViewModel.swift */,
				FD2E13A72AD0071D00D5004C /* ArticleDetailViewModel.swift */,
			);
			path = ViewModels;
			sourceTree = "<group>";
		};
		FD0B94532AA1294E0036F806 /* Network Layer */ = {
			isa = PBXGroup;
			children = (
				FD0B94542AA136460036F806 /* ClientRequest.swift */,
				FD0B94582AA13A770036F806 /* ClientService.swift */,
			);
			path = "Network Layer";
			sourceTree = "<group>";
		};
		FD2E139C2ACE9A7C00D5004C /* Cells */ = {
			isa = PBXGroup;
			children = (
				FD2E13982ACCCE6500D5004C /* WordTableViewCell.swift */,
				FD370EB82A9AB9EA0008E68F /* MemoTableViewCell.swift */,
				FD2E13A32ACFA17000D5004C /* WordDetailCollectionCell.swift */,
			);
			path = Cells;
			sourceTree = "<group>";
		};
		FD9250572A842D0C004B75FE = {
			isa = PBXGroup;
			children = (
				FD9250622A842D0C004B75FE /* MindCurve */,
				FD9250612A842D0C004B75FE /* Products */,
			);
			sourceTree = "<group>";
		};
		FD9250612A842D0C004B75FE /* Products */ = {
			isa = PBXGroup;
			children = (
				FD9250602A842D0C004B75FE /* MindCurve.app */,
			);
			name = Products;
			sourceTree = "<group>";
		};
		FD9250622A842D0C004B75FE /* MindCurve */ = {
			isa = PBXGroup;
			children = (
				FD9250972A8583E4004B75FE /* Supporting */,
				FD0B94532AA1294E0036F806 /* Network Layer */,
				FD0B944E2AA0ACB70036F806 /* ViewModels */,
				FD92509C2A87B472004B75FE /* Model */,
				FD928A212A94C40200499393 /* Controllers */,
				FD9250712A842D0D004B75FE /* Info.plist */,
			);
			path = MindCurve;
			sourceTree = "<group>";
		};
		FD9250972A8583E4004B75FE /* Supporting */ = {
			isa = PBXGroup;
			children = (
				FD9250632A842D0C004B75FE /* AppDelegate.swift */,
				FD9250652A842D0C004B75FE /* SceneDelegate.swift */,
				FD92506C2A842D0D004B75FE /* Assets.xcassets */,
				FD92506E2A842D0D004B75FE /* LaunchScreen.storyboard */,
			);
			path = Supporting;
			sourceTree = "<group>";
		};
		FD92509C2A87B472004B75FE /* Model */ = {
			isa = PBXGroup;
			children = (
				FD92509A2A87B308004B75FE /* Memo.swift */,
				FD0B94512AA115920036F806 /* WordArticle.swift */,
			);
			path = Model;
			sourceTree = "<group>";
		};
		FD928A212A94C40200499393 /* Controllers */ = {
			isa = PBXGroup;
			children = (
				FD2E139C2ACE9A7C00D5004C /* Cells */,
				FD9250672A842D0C004B75FE /* TabBarViewController.swift */,
				FD928A222A94C4A100499393 /* MemoListTableViewContoller.swift */,
				FD928A282A94C5E300499393 /* SettingsViewController.swift */,
				FD0B944C2A9C12130036F806 /* MemoDetailViewController.swift */,
				FD7C76482AC6B51E00BE63FE /* CreateMemoViewController.swift */,
				FD2E13A52ACFB7B100D5004C /* ArticleDetailViewController.swift */,
			);
			path = Controllers;
			sourceTree = "<group>";
		};
/* End PBXGroup section */

/* Begin PBXNativeTarget section */
		FD92505F2A842D0C004B75FE /* MindCurve */ = {
			isa = PBXNativeTarget;
			buildConfigurationList = FD9250742A842D0D004B75FE /* Build configuration list for PBXNativeTarget "MindCurve" */;
			buildPhases = (
				FD92505C2A842D0C004B75FE /* Sources */,
				FD92505D2A842D0C004B75FE /* Frameworks */,
				FD92505E2A842D0C004B75FE /* Resources */,
			);
			buildRules = (
			);
			dependencies = (
			);
			name = MindCurve;
			productName = MindCurve;
			productReference = FD9250602A842D0C004B75FE /* MindCurve.app */;
			productType = "com.apple.product-type.application";
		};
/* End PBXNativeTarget section */

/* Begin PBXProject section */
		FD9250582A842D0C004B75FE /* Project object */ = {
			isa = PBXProject;
			attributes = {
				BuildIndependentTargetsInParallel = 1;
				LastSwiftUpdateCheck = 1430;
				LastUpgradeCheck = 1430;
				TargetAttributes = {
					FD92505F2A842D0C004B75FE = {
						CreatedOnToolsVersion = 14.3.1;
					};
				};
			};
			buildConfigurationList = FD92505B2A842D0C004B75FE /* Build configuration list for PBXProject "MindCurve" */;
			compatibilityVersion = "Xcode 14.0";
			developmentRegion = en;
			hasScannedForEncodings = 0;
			knownRegions = (
				en,
				Base,
			);
			mainGroup = FD9250572A842D0C004B75FE;
			productRefGroup = FD9250612A842D0C004B75FE /* Products */;
			projectDirPath = "";
			projectRoot = "";
			targets = (
				FD92505F2A842D0C004B75FE /* MindCurve */,
			);
		};
/* End PBXProject section */

/* Begin PBXResourcesBuildPhase section */
		FD92505E2A842D0C004B75FE /* Resources */ = {
			isa = PBXResourcesBuildPhase;
			buildActionMask = 2147483647;
			files = (
				FD9250702A842D0D004B75FE /* LaunchScreen.storyboard in Resources */,
				FD92506D2A842D0D004B75FE /* Assets.xcassets in Resources */,
			);
			runOnlyForDeploymentPostprocessing = 0;
		};
/* End PBXResourcesBuildPhase section */

/* Begin PBXSourcesBuildPhase section */
		FD92505C2A842D0C004B75FE /* Sources */ = {
			isa = PBXSourcesBuildPhase;
			buildActionMask = 2147483647;
			files = (
				FD7C76492AC6B51E00BE63FE /* CreateMemoViewController.swift in Sources */,
				FD2E13A62ACFB7B100D5004C /* ArticleDetailViewController.swift in Sources */,
				FD2E13992ACCCE6500D5004C /* WordTableViewCell.swift in Sources */,
				FD2E13A82AD0071D00D5004C /* ArticleDetailViewModel.swift in Sources */,
				FD9250682A842D0C004B75FE /* TabBarViewController.swift in Sources */,
				FD928A292A94C5E300499393 /* SettingsViewController.swift in Sources */,
				FD370EB92A9AB9EA0008E68F /* MemoTableViewCell.swift in Sources */,
				FD0B94592AA13A770036F806 /* ClientService.swift in Sources */,
				FD7C764B2AC6BFE000BE63FE /* CreateMemoViewModel.swift in Sources */,
				FD928A232A94C4A100499393 /* MemoListTableViewContoller.swift in Sources */,
				FD9250642A842D0C004B75FE /* AppDelegate.swift in Sources */,
				FD0B94522AA115920036F806 /* WordArticle.swift in Sources */,
				FD2E139B2ACE980F00D5004C /* MemoDetailViewModel.swift in Sources */,
				FD2E13A42ACFA17000D5004C /* WordDetailCollectionCell.swift in Sources */,
				FD0B94502AA0DB4A0036F806 /* MemoListViewModel.swift in Sources */,
				FD0B944D2A9C12130036F806 /* MemoDetailViewController.swift in Sources */,
				FD92509B2A87B308004B75FE /* Memo.swift in Sources */,
				FD0B94552AA136460036F806 /* ClientRequest.swift in Sources */,
				FD9250662A842D0C004B75FE /* SceneDelegate.swift in Sources */,
			);
			runOnlyForDeploymentPostprocessing = 0;
		};
/* End PBXSourcesBuildPhase section */

/* Begin PBXVariantGroup section */
		FD92506E2A842D0D004B75FE /* LaunchScreen.storyboard */ = {
			isa = PBXVariantGroup;
			children = (
				FD92506F2A842D0D004B75FE /* Base */,
			);
			name = LaunchScreen.storyboard;
			sourceTree = "<group>";
		};
/* End PBXVariantGroup section */

/* Begin XCBuildConfiguration section */
		FD9250722A842D0D004B75FE /* Debug */ = {
			isa = XCBuildConfiguration;
			buildSettings = {
				ALWAYS_SEARCH_USER_PATHS = NO;
				CLANG_ANALYZER_NONNULL = YES;
				CLANG_ANALYZER_NUMBER_OBJECT_CONVERSION = YES_AGGRESSIVE;
				CLANG_CXX_LANGUAGE_STANDARD = "gnu++20";
				CLANG_ENABLE_MODULES = YES;
				CLANG_ENABLE_OBJC_ARC = YES;
				CLANG_ENABLE_OBJC_WEAK = YES;
				CLANG_WARN_BLOCK_CAPTURE_AUTORELEASING = YES;
				CLANG_WARN_BOOL_CONVERSION = YES;
				CLANG_WARN_COMMA = YES;
				CLANG_WARN_CONSTANT_CONVERSION = YES;
				CLANG_WARN_DEPRECATED_OBJC_IMPLEMENTATIONS = YES;
				CLANG_WARN_DIRECT_OBJC_ISA_USAGE = YES_ERROR;
				CLANG_WARN_DOCUMENTATION_COMMENTS = YES;
				CLANG_WARN_EMPTY_BODY = YES;
				CLANG_WARN_ENUM_CONVERSION = YES;
				CLANG_WARN_INFINITE_RECURSION = YES;
				CLANG_WARN_INT_CONVERSION = YES;
				CLANG_WARN_NON_LITERAL_NULL_CONVERSION = YES;
				CLANG_WARN_OBJC_IMPLICIT_RETAIN_SELF = YES;
				CLANG_WARN_OBJC_LITERAL_CONVERSION = YES;
				CLANG_WARN_OBJC_ROOT_CLASS = YES_ERROR;
				CLANG_WARN_QUOTED_INCLUDE_IN_FRAMEWORK_HEADER = YES;
				CLANG_WARN_RANGE_LOOP_ANALYSIS = YES;
				CLANG_WARN_STRICT_PROTOTYPES = YES;
				CLANG_WARN_SUSPICIOUS_MOVE = YES;
				CLANG_WARN_UNGUARDED_AVAILABILITY = YES_AGGRESSIVE;
				CLANG_WARN_UNREACHABLE_CODE = YES;
				CLANG_WARN__DUPLICATE_METHOD_MATCH = YES;
				COPY_PHASE_STRIP = NO;
				DEBUG_INFORMATION_FORMAT = dwarf;
				ENABLE_STRICT_OBJC_MSGSEND = YES;
				ENABLE_TESTABILITY = YES;
				GCC_C_LANGUAGE_STANDARD = gnu11;
				GCC_DYNAMIC_NO_PIC = NO;
				GCC_NO_COMMON_BLOCKS = YES;
				GCC_OPTIMIZATION_LEVEL = 0;
				GCC_PREPROCESSOR_DEFINITIONS = (
					"DEBUG=1",
					"$(inherited)",
				);
				GCC_WARN_64_TO_32_BIT_CONVERSION = YES;
				GCC_WARN_ABOUT_RETURN_TYPE = YES_ERROR;
				GCC_WARN_UNDECLARED_SELECTOR = YES;
				GCC_WARN_UNINITIALIZED_AUTOS = YES_AGGRESSIVE;
				GCC_WARN_UNUSED_FUNCTION = YES;
				GCC_WARN_UNUSED_VARIABLE = YES;
				IPHONEOS_DEPLOYMENT_TARGET = 16.4;
				MTL_ENABLE_DEBUG_INFO = INCLUDE_SOURCE;
				MTL_FAST_MATH = YES;
				ONLY_ACTIVE_ARCH = YES;
				SDKROOT = iphoneos;
				SWIFT_ACTIVE_COMPILATION_CONDITIONS = DEBUG;
				SWIFT_OPTIMIZATION_LEVEL = "-Onone";
			};
			name = Debug;
		};
		FD9250732A842D0D004B75FE /* Release */ = {
			isa = XCBuildConfiguration;
			buildSettings = {
				ALWAYS_SEARCH_USER_PATHS = NO;
				CLANG_ANALYZER_NONNULL = YES;
				CLANG_ANALYZER_NUMBER_OBJECT_CONVERSION = YES_AGGRESSIVE;
				CLANG_CXX_LANGUAGE_STANDARD = "gnu++20";
				CLANG_ENABLE_MODULES = YES;
				CLANG_ENABLE_OBJC_ARC = YES;
				CLANG_ENABLE_OBJC_WEAK = YES;
				CLANG_WARN_BLOCK_CAPTURE_AUTORELEASING = YES;
				CLANG_WARN_BOOL_CONVERSION = YES;
				CLANG_WARN_COMMA = YES;
				CLANG_WARN_CONSTANT_CONVERSION = YES;
				CLANG_WARN_DEPRECATED_OBJC_IMPLEMENTATIONS = YES;
				CLANG_WARN_DIRECT_OBJC_ISA_USAGE = YES_ERROR;
				CLANG_WARN_DOCUMENTATION_COMMENTS = YES;
				CLANG_WARN_EMPTY_BODY = YES;
				CLANG_WARN_ENUM_CONVERSION = YES;
				CLANG_WARN_INFINITE_RECURSION = YES;
				CLANG_WARN_INT_CONVERSION = YES;
				CLANG_WARN_NON_LITERAL_NULL_CONVERSION = YES;
				CLANG_WARN_OBJC_IMPLICIT_RETAIN_SELF = YES;
				CLANG_WARN_OBJC_LITERAL_CONVERSION = YES;
				CLANG_WARN_OBJC_ROOT_CLASS = YES_ERROR;
				CLANG_WARN_QUOTED_INCLUDE_IN_FRAMEWORK_HEADER = YES;
				CLANG_WARN_RANGE_LOOP_ANALYSIS = YES;
				CLANG_WARN_STRICT_PROTOTYPES = YES;
				CLANG_WARN_SUSPICIOUS_MOVE = YES;
				CLANG_WARN_UNGUARDED_AVAILABILITY = YES_AGGRESSIVE;
				CLANG_WARN_UNREACHABLE_CODE = YES;
				CLANG_WARN__DUPLICATE_METHOD_MATCH = YES;
				COPY_PHASE_STRIP = NO;
				DEBUG_INFORMATION_FORMAT = "dwarf-with-dsym";
				ENABLE_NS_ASSERTIONS = NO;
				ENABLE_STRICT_OBJC_MSGSEND = YES;
				GCC_C_LANGUAGE_STANDARD = gnu11;
				GCC_NO_COMMON_BLOCKS = YES;
				GCC_WARN_64_TO_32_BIT_CONVERSION = YES;
				GCC_WARN_ABOUT_RETURN_TYPE = YES_ERROR;
				GCC_WARN_UNDECLARED_SELECTOR = YES;
				GCC_WARN_UNINITIALIZED_AUTOS = YES_AGGRESSIVE;
				GCC_WARN_UNUSED_FUNCTION = YES;
				GCC_WARN_UNUSED_VARIABLE = YES;
				IPHONEOS_DEPLOYMENT_TARGET = 16.4;
				MTL_ENABLE_DEBUG_INFO = NO;
				MTL_FAST_MATH = YES;
				SDKROOT = iphoneos;
				SWIFT_COMPILATION_MODE = wholemodule;
				SWIFT_OPTIMIZATION_LEVEL = "-O";
				VALIDATE_PRODUCT = YES;
			};
			name = Release;
		};
		FD9250752A842D0D004B75FE /* Debug */ = {
			isa = XCBuildConfiguration;
			buildSettings = {
				ASSETCATALOG_COMPILER_APPICON_NAME = AppIcon;
				ASSETCATALOG_COMPILER_GLOBAL_ACCENT_COLOR_NAME = AccentColor;
				CODE_SIGN_STYLE = Automatic;
				CURRENT_PROJECT_VERSION = 1;
				DEVELOPMENT_TEAM = 4CQXWD2Y9F;
				GENERATE_INFOPLIST_FILE = YES;
				INFOPLIST_FILE = MindCurve/Info.plist;
				INFOPLIST_KEY_UIApplicationSupportsIndirectInputEvents = YES;
				INFOPLIST_KEY_UILaunchStoryboardName = LaunchScreen;
				INFOPLIST_KEY_UIRequiresFullScreen = NO;
				INFOPLIST_KEY_UISupportedInterfaceOrientations_iPad = "UIInterfaceOrientationPortrait UIInterfaceOrientationPortraitUpsideDown UIInterfaceOrientationLandscapeLeft UIInterfaceOrientationLandscapeRight";
				INFOPLIST_KEY_UISupportedInterfaceOrientations_iPhone = "UIInterfaceOrientationPortrait UIInterfaceOrientationLandscapeLeft UIInterfaceOrientationLandscapeRight";
				LD_RUNPATH_SEARCH_PATHS = (
					"$(inherited)",
					"@executable_path/Frameworks",
				);
				MARKETING_VERSION = 1.0;
				PRODUCT_BUNDLE_IDENTIFIER = com.ihorlenko.MindCurve;
				PRODUCT_NAME = "$(TARGET_NAME)";
				SWIFT_EMIT_LOC_STRINGS = YES;
				SWIFT_VERSION = 5.0;
				TARGETED_DEVICE_FAMILY = "1,2";
			};
			name = Debug;
		};
		FD9250762A842D0D004B75FE /* Release */ = {
			isa = XCBuildConfiguration;
			buildSettings = {
				ASSETCATALOG_COMPILER_APPICON_NAME = AppIcon;
				ASSETCATALOG_COMPILER_GLOBAL_ACCENT_COLOR_NAME = AccentColor;
				CODE_SIGN_STYLE = Automatic;
				CURRENT_PROJECT_VERSION = 1;
				DEVELOPMENT_TEAM = 4CQXWD2Y9F;
				GENERATE_INFOPLIST_FILE = YES;
				INFOPLIST_FILE = MindCurve/Info.plist;
				INFOPLIST_KEY_UIApplicationSupportsIndirectInputEvents = YES;
				INFOPLIST_KEY_UILaunchStoryboardName = LaunchScreen;
				INFOPLIST_KEY_UIRequiresFullScreen = NO;
				INFOPLIST_KEY_UISupportedInterfaceOrientations_iPad = "UIInterfaceOrientationPortrait UIInterfaceOrientationPortraitUpsideDown UIInterfaceOrientationLandscapeLeft UIInterfaceOrientationLandscapeRight";
				INFOPLIST_KEY_UISupportedInterfaceOrientations_iPhone = "UIInterfaceOrientationPortrait UIInterfaceOrientationLandscapeLeft UIInterfaceOrientationLandscapeRight";
				LD_RUNPATH_SEARCH_PATHS = (
					"$(inherited)",
					"@executable_path/Frameworks",
				);
				MARKETING_VERSION = 1.0;
				PRODUCT_BUNDLE_IDENTIFIER = com.ihorlenko.MindCurve;
				PRODUCT_NAME = "$(TARGET_NAME)";
				SWIFT_EMIT_LOC_STRINGS = YES;
				SWIFT_VERSION = 5.0;
				TARGETED_DEVICE_FAMILY = "1,2";
			};
			name = Release;
		};
/* End XCBuildConfiguration section */

/* Begin XCConfigurationList section */
		FD92505B2A842D0C004B75FE /* Build configuration list for PBXProject "MindCurve" */ = {
			isa = XCConfigurationList;
			buildConfigurations = (
				FD9250722A842D0D004B75FE /* Debug */,
				FD9250732A842D0D004B75FE /* Release */,
			);
			defaultConfigurationIsVisible = 0;
			defaultConfigurationName = Release;
		};
		FD9250742A842D0D004B75FE /* Build configuration list for PBXNativeTarget "MindCurve" */ = {
			isa = XCConfigurationList;
			buildConfigurations = (
				FD9250752A842D0D004B75FE /* Debug */,
				FD9250762A842D0D004B75FE /* Release */,
			);
			defaultConfigurationIsVisible = 0;
			defaultConfigurationName = Release;
		};
/* End XCConfigurationList section */
	};
	rootObject = FD9250582A842D0C004B75FE /* Project object */;
}
